// !$*UTF8*$!
{
	archiveVersion = 1;
	classes = {
	};
	objectVersion = 55;
	objects = {

/* Begin PBXBuildFile section */
		0940C46B513ECCAC5C2D15B9 /* Pods_LoAssistantTests.framework in Frameworks */ = {isa = PBXBuildFile; fileRef = 9CA49C1B43D2A17E9F8D8636 /* Pods_LoAssistantTests.framework */; };
		1008CB5B283A1DC9000F6E0B /* MarketDataService.swift in Sources */ = {isa = PBXBuildFile; fileRef = 1008CB5A283A1DC9000F6E0B /* MarketDataService.swift */; };
		1021B20C284C3EAC00331EA5 /* PheonViewController.swift in Sources */ = {isa = PBXBuildFile; fileRef = 1021B20B284C3EAC00331EA5 /* PheonViewController.swift */; };
		103E53B228459141001199A9 /* OrehaSettingViewController.swift in Sources */ = {isa = PBXBuildFile; fileRef = 103E53B128459141001199A9 /* OrehaSettingViewController.swift */; };
		103E53BB2848DD47001199A9 /* OrehaTableViewCell.swift in Sources */ = {isa = PBXBuildFile; fileRef = 103E53BA2848DD47001199A9 /* OrehaTableViewCell.swift */; };
		103E53BD2848E205001199A9 /* OrehaTableViewController.swift in Sources */ = {isa = PBXBuildFile; fileRef = 103E53BC2848E205001199A9 /* OrehaTableViewController.swift */; };
		10AFD09827EDF058004CFAFB /* MainTableViewController.swift in Sources */ = {isa = PBXBuildFile; fileRef = 10AFD09727EDF058004CFAFB /* MainTableViewController.swift */; };
		10B589C1282E9DC400B11011 /* MarketModel.swift in Sources */ = {isa = PBXBuildFile; fileRef = 10B589C0282E9DC400B11011 /* MarketModel.swift */; };
		10F6461E27EB2F8500E51BBB /* AppDelegate.swift in Sources */ = {isa = PBXBuildFile; fileRef = 10F6461D27EB2F8500E51BBB /* AppDelegate.swift */; };
		10F6462027EB2F8500E51BBB /* SceneDelegate.swift in Sources */ = {isa = PBXBuildFile; fileRef = 10F6461F27EB2F8500E51BBB /* SceneDelegate.swift */; };
		10F6462527EB2F8500E51BBB /* Main.storyboard in Resources */ = {isa = PBXBuildFile; fileRef = 10F6462327EB2F8500E51BBB /* Main.storyboard */; };
		10F6462727EB2F8600E51BBB /* Assets.xcassets in Resources */ = {isa = PBXBuildFile; fileRef = 10F6462627EB2F8600E51BBB /* Assets.xcassets */; };
		10F6462A27EB2F8600E51BBB /* LaunchScreen.storyboard in Resources */ = {isa = PBXBuildFile; fileRef = 10F6462827EB2F8600E51BBB /* LaunchScreen.storyboard */; };
		10F6463527EB2F8600E51BBB /* LoAssistantTests.swift in Sources */ = {isa = PBXBuildFile; fileRef = 10F6463427EB2F8600E51BBB /* LoAssistantTests.swift */; };
		10F6463F27EB2F8600E51BBB /* LoAssistantUITests.swift in Sources */ = {isa = PBXBuildFile; fileRef = 10F6463E27EB2F8600E51BBB /* LoAssistantUITests.swift */; };
		10F6464127EB2F8600E51BBB /* LoAssistantUITestsLaunchTests.swift in Sources */ = {isa = PBXBuildFile; fileRef = 10F6464027EB2F8600E51BBB /* LoAssistantUITestsLaunchTests.swift */; };
		1E52D85C2893CBB3002ED70E /* MainViewDataService.swift in Sources */ = {isa = PBXBuildFile; fileRef = 1E52D85B2893CBB3002ED70E /* MainViewDataService.swift */; };
		210961E428485A0700FDBC60 /* PriceTableViewController.swift in Sources */ = {isa = PBXBuildFile; fileRef = 210961E328485A0700FDBC60 /* PriceTableViewController.swift */; };
		210961E728485A6800FDBC60 /* PriceTableViewCell.swift in Sources */ = {isa = PBXBuildFile; fileRef = 210961E628485A6800FDBC60 /* PriceTableViewCell.swift */; };
		21096263284A01DB00FDBC60 /* ResultTableViewCell.swift in Sources */ = {isa = PBXBuildFile; fileRef = 21096262284A01DB00FDBC60 /* ResultTableViewCell.swift */; };
		218EDF212840AFE800187C7F /* NetworkResult.swift in Sources */ = {isa = PBXBuildFile; fileRef = 218EDF202840AFE800187C7F /* NetworkResult.swift */; };
		61BA331DEBE831395B0C22BF /* Pods_LoAssistant.framework in Frameworks */ = {isa = PBXBuildFile; fileRef = AA7F514429EF161DE676C3FB /* Pods_LoAssistant.framework */; };
		86D3408F29F0C97CFBCEF021 /* Pods_LoAssistant_LoAssistantUITests.framework in Frameworks */ = {isa = PBXBuildFile; fileRef = 9972C500D97A3431C13E5BF9 /* Pods_LoAssistant_LoAssistantUITests.framework */; };
/* End PBXBuildFile section */

/* Begin PBXContainerItemProxy section */
		10F6463127EB2F8600E51BBB /* PBXContainerItemProxy */ = {
			isa = PBXContainerItemProxy;
			containerPortal = 10F6461227EB2F8500E51BBB /* Project object */;
			proxyType = 1;
			remoteGlobalIDString = 10F6461927EB2F8500E51BBB;
			remoteInfo = LoAssistant;
		};
		10F6463B27EB2F8600E51BBB /* PBXContainerItemProxy */ = {
			isa = PBXContainerItemProxy;
			containerPortal = 10F6461227EB2F8500E51BBB /* Project object */;
			proxyType = 1;
			remoteGlobalIDString = 10F6461927EB2F8500E51BBB;
			remoteInfo = LoAssistant;
		};
/* End PBXContainerItemProxy section */

/* Begin PBXFileReference section */
		062528949B9FCA96BDEDB6D0 /* Pods-LoAssistant.release.xcconfig */ = {isa = PBXFileReference; includeInIndex = 1; lastKnownFileType = text.xcconfig; name = "Pods-LoAssistant.release.xcconfig"; path = "Target Support Files/Pods-LoAssistant/Pods-LoAssistant.release.xcconfig"; sourceTree = "<group>"; };
		1008CB5A283A1DC9000F6E0B /* MarketDataService.swift */ = {isa = PBXFileReference; lastKnownFileType = sourcecode.swift; path = MarketDataService.swift; sourceTree = "<group>"; };
		1021B20B284C3EAC00331EA5 /* PheonViewController.swift */ = {isa = PBXFileReference; lastKnownFileType = sourcecode.swift; name = PheonViewController.swift; path = LoAssistant/PheonTable/PheonViewController.swift; sourceTree = SOURCE_ROOT; };
		103E53B128459141001199A9 /* OrehaSettingViewController.swift */ = {isa = PBXFileReference; lastKnownFileType = sourcecode.swift; path = OrehaSettingViewController.swift; sourceTree = "<group>"; };
		103E53BA2848DD47001199A9 /* OrehaTableViewCell.swift */ = {isa = PBXFileReference; lastKnownFileType = sourcecode.swift; path = OrehaTableViewCell.swift; sourceTree = "<group>"; };
		103E53BC2848E205001199A9 /* OrehaTableViewController.swift */ = {isa = PBXFileReference; lastKnownFileType = sourcecode.swift; path = OrehaTableViewController.swift; sourceTree = "<group>"; };
		10AFD09727EDF058004CFAFB /* MainTableViewController.swift */ = {isa = PBXFileReference; lastKnownFileType = sourcecode.swift; path = MainTableViewController.swift; sourceTree = "<group>"; };
		10B589C0282E9DC400B11011 /* MarketModel.swift */ = {isa = PBXFileReference; lastKnownFileType = sourcecode.swift; path = MarketModel.swift; sourceTree = "<group>"; };
		10F6461A27EB2F8500E51BBB /* LoAssistant.app */ = {isa = PBXFileReference; explicitFileType = wrapper.application; includeInIndex = 0; path = LoAssistant.app; sourceTree = BUILT_PRODUCTS_DIR; };
		10F6461D27EB2F8500E51BBB /* AppDelegate.swift */ = {isa = PBXFileReference; lastKnownFileType = sourcecode.swift; path = AppDelegate.swift; sourceTree = "<group>"; };
		10F6461F27EB2F8500E51BBB /* SceneDelegate.swift */ = {isa = PBXFileReference; lastKnownFileType = sourcecode.swift; path = SceneDelegate.swift; sourceTree = "<group>"; };
		10F6462427EB2F8500E51BBB /* Base */ = {isa = PBXFileReference; lastKnownFileType = file.storyboard; name = Base; path = Base.lproj/Main.storyboard; sourceTree = "<group>"; };
		10F6462627EB2F8600E51BBB /* Assets.xcassets */ = {isa = PBXFileReference; lastKnownFileType = folder.assetcatalog; path = Assets.xcassets; sourceTree = "<group>"; };
		10F6462927EB2F8600E51BBB /* Base */ = {isa = PBXFileReference; lastKnownFileType = file.storyboard; name = Base; path = Base.lproj/LaunchScreen.storyboard; sourceTree = "<group>"; };
		10F6462B27EB2F8600E51BBB /* Info.plist */ = {isa = PBXFileReference; lastKnownFileType = text.plist.xml; path = Info.plist; sourceTree = "<group>"; };
		10F6463027EB2F8600E51BBB /* LoAssistantTests.xctest */ = {isa = PBXFileReference; explicitFileType = wrapper.cfbundle; includeInIndex = 0; path = LoAssistantTests.xctest; sourceTree = BUILT_PRODUCTS_DIR; };
		10F6463427EB2F8600E51BBB /* LoAssistantTests.swift */ = {isa = PBXFileReference; lastKnownFileType = sourcecode.swift; path = LoAssistantTests.swift; sourceTree = "<group>"; };
		10F6463A27EB2F8600E51BBB /* LoAssistantUITests.xctest */ = {isa = PBXFileReference; explicitFileType = wrapper.cfbundle; includeInIndex = 0; path = LoAssistantUITests.xctest; sourceTree = BUILT_PRODUCTS_DIR; };
		10F6463E27EB2F8600E51BBB /* LoAssistantUITests.swift */ = {isa = PBXFileReference; lastKnownFileType = sourcecode.swift; path = LoAssistantUITests.swift; sourceTree = "<group>"; };
		10F6464027EB2F8600E51BBB /* LoAssistantUITestsLaunchTests.swift */ = {isa = PBXFileReference; lastKnownFileType = sourcecode.swift; path = LoAssistantUITestsLaunchTests.swift; sourceTree = "<group>"; };
		1E52D85B2893CBB3002ED70E /* MainViewDataService.swift */ = {isa = PBXFileReference; lastKnownFileType = sourcecode.swift; path = MainViewDataService.swift; sourceTree = "<group>"; };
		210961E328485A0700FDBC60 /* PriceTableViewController.swift */ = {isa = PBXFileReference; lastKnownFileType = sourcecode.swift; path = PriceTableViewController.swift; sourceTree = "<group>"; };
		210961E628485A6800FDBC60 /* PriceTableViewCell.swift */ = {isa = PBXFileReference; lastKnownFileType = sourcecode.swift; path = PriceTableViewCell.swift; sourceTree = "<group>"; };
		21096262284A01DB00FDBC60 /* ResultTableViewCell.swift */ = {isa = PBXFileReference; lastKnownFileType = sourcecode.swift; path = ResultTableViewCell.swift; sourceTree = "<group>"; };
		218EDF202840AFE800187C7F /* NetworkResult.swift */ = {isa = PBXFileReference; lastKnownFileType = sourcecode.swift; path = NetworkResult.swift; sourceTree = "<group>"; };
		5370F4672AC34A627B8FB3ED /* Pods-LoAssistantTests.debug.xcconfig */ = {isa = PBXFileReference; includeInIndex = 1; lastKnownFileType = text.xcconfig; name = "Pods-LoAssistantTests.debug.xcconfig"; path = "Target Support Files/Pods-LoAssistantTests/Pods-LoAssistantTests.debug.xcconfig"; sourceTree = "<group>"; };
		9972C500D97A3431C13E5BF9 /* Pods_LoAssistant_LoAssistantUITests.framework */ = {isa = PBXFileReference; explicitFileType = wrapper.framework; includeInIndex = 0; path = Pods_LoAssistant_LoAssistantUITests.framework; sourceTree = BUILT_PRODUCTS_DIR; };
		9CA49C1B43D2A17E9F8D8636 /* Pods_LoAssistantTests.framework */ = {isa = PBXFileReference; explicitFileType = wrapper.framework; includeInIndex = 0; path = Pods_LoAssistantTests.framework; sourceTree = BUILT_PRODUCTS_DIR; };
		AA7F514429EF161DE676C3FB /* Pods_LoAssistant.framework */ = {isa = PBXFileReference; explicitFileType = wrapper.framework; includeInIndex = 0; path = Pods_LoAssistant.framework; sourceTree = BUILT_PRODUCTS_DIR; };
		ABFB2928B91BD2AF892BD9D8 /* Pods-LoAssistantTests.release.xcconfig */ = {isa = PBXFileReference; includeInIndex = 1; lastKnownFileType = text.xcconfig; name = "Pods-LoAssistantTests.release.xcconfig"; path = "Target Support Files/Pods-LoAssistantTests/Pods-LoAssistantTests.release.xcconfig"; sourceTree = "<group>"; };
		C16B2618F3CE5DFED4CE530A /* Pods-LoAssistant-LoAssistantUITests.debug.xcconfig */ = {isa = PBXFileReference; includeInIndex = 1; lastKnownFileType = text.xcconfig; name = "Pods-LoAssistant-LoAssistantUITests.debug.xcconfig"; path = "Target Support Files/Pods-LoAssistant-LoAssistantUITests/Pods-LoAssistant-LoAssistantUITests.debug.xcconfig"; sourceTree = "<group>"; };
		DC30D64FEB8B1D3A6B501272 /* Pods-LoAssistant-LoAssistantUITests.release.xcconfig */ = {isa = PBXFileReference; includeInIndex = 1; lastKnownFileType = text.xcconfig; name = "Pods-LoAssistant-LoAssistantUITests.release.xcconfig"; path = "Target Support Files/Pods-LoAssistant-LoAssistantUITests/Pods-LoAssistant-LoAssistantUITests.release.xcconfig"; sourceTree = "<group>"; };
		F63C7732B2617C2CBC940A5F /* Pods-LoAssistant.debug.xcconfig */ = {isa = PBXFileReference; includeInIndex = 1; lastKnownFileType = text.xcconfig; name = "Pods-LoAssistant.debug.xcconfig"; path = "Target Support Files/Pods-LoAssistant/Pods-LoAssistant.debug.xcconfig"; sourceTree = "<group>"; };
/* End PBXFileReference section */

/* Begin PBXFrameworksBuildPhase section */
		10F6461727EB2F8500E51BBB /* Frameworks */ = {
			isa = PBXFrameworksBuildPhase;
			buildActionMask = 2147483647;
			files = (
				61BA331DEBE831395B0C22BF /* Pods_LoAssistant.framework in Frameworks */,
			);
			runOnlyForDeploymentPostprocessing = 0;
		};
		10F6462D27EB2F8600E51BBB /* Frameworks */ = {
			isa = PBXFrameworksBuildPhase;
			buildActionMask = 2147483647;
			files = (
				0940C46B513ECCAC5C2D15B9 /* Pods_LoAssistantTests.framework in Frameworks */,
			);
			runOnlyForDeploymentPostprocessing = 0;
		};
		10F6463727EB2F8600E51BBB /* Frameworks */ = {
			isa = PBXFrameworksBuildPhase;
			buildActionMask = 2147483647;
			files = (
				86D3408F29F0C97CFBCEF021 /* Pods_LoAssistant_LoAssistantUITests.framework in Frameworks */,
			);
			runOnlyForDeploymentPostprocessing = 0;
		};
/* End PBXFrameworksBuildPhase section */

/* Begin PBXGroup section */
		10F6461127EB2F8500E51BBB = {
			isa = PBXGroup;
			children = (
				10F6461C27EB2F8500E51BBB /* LoAssistant */,
				10F6463327EB2F8600E51BBB /* LoAssistantTests */,
				10F6463D27EB2F8600E51BBB /* LoAssistantUITests */,
				10F6461B27EB2F8500E51BBB /* Products */,
				337B470AC47370BBBEBC324F /* Pods */,
				7BF1B8464DFD013A65F567B3 /* Frameworks */,
			);
			sourceTree = "<group>";
		};
		10F6461B27EB2F8500E51BBB /* Products */ = {
			isa = PBXGroup;
			children = (
				10F6461A27EB2F8500E51BBB /* LoAssistant.app */,
				10F6463027EB2F8600E51BBB /* LoAssistantTests.xctest */,
				10F6463A27EB2F8600E51BBB /* LoAssistantUITests.xctest */,
			);
			name = Products;
			sourceTree = "<group>";
		};
		10F6461C27EB2F8500E51BBB /* LoAssistant */ = {
			isa = PBXGroup;
			children = (
				210961E92849997D00FDBC60 /* PheonTable */,
				210961E82849996200FDBC60 /* OrehaTable */,
				210961E528485A4900FDBC60 /* PriceTable */,
				218EDF222840B69000187C7F /* MarketDataService */,
				10F6461D27EB2F8500E51BBB /* AppDelegate.swift */,
				10F6461F27EB2F8500E51BBB /* SceneDelegate.swift */,
				10AFD09727EDF058004CFAFB /* MainTableViewController.swift */,
				1E52D85B2893CBB3002ED70E /* MainViewDataService.swift */,
				10F6462327EB2F8500E51BBB /* Main.storyboard */,
				10F6462627EB2F8600E51BBB /* Assets.xcassets */,
				10F6462827EB2F8600E51BBB /* LaunchScreen.storyboard */,
				10F6462B27EB2F8600E51BBB /* Info.plist */,
			);
			path = LoAssistant;
			sourceTree = "<group>";
		};
		10F6463327EB2F8600E51BBB /* LoAssistantTests */ = {
			isa = PBXGroup;
			children = (
				10F6463427EB2F8600E51BBB /* LoAssistantTests.swift */,
			);
			path = LoAssistantTests;
			sourceTree = "<group>";
		};
		10F6463D27EB2F8600E51BBB /* LoAssistantUITests */ = {
			isa = PBXGroup;
			children = (
				10F6463E27EB2F8600E51BBB /* LoAssistantUITests.swift */,
				10F6464027EB2F8600E51BBB /* LoAssistantUITestsLaunchTests.swift */,
			);
			path = LoAssistantUITests;
			sourceTree = "<group>";
		};
		210961E528485A4900FDBC60 /* PriceTable */ = {
			isa = PBXGroup;
			children = (
				210961E328485A0700FDBC60 /* PriceTableViewController.swift */,
				210961E628485A6800FDBC60 /* PriceTableViewCell.swift */,
			);
			path = PriceTable;
			sourceTree = "<group>";
		};
		210961E82849996200FDBC60 /* OrehaTable */ = {
			isa = PBXGroup;
			children = (
				103E53BA2848DD47001199A9 /* OrehaTableViewCell.swift */,
				21096262284A01DB00FDBC60 /* ResultTableViewCell.swift */,
				103E53BC2848E205001199A9 /* OrehaTableViewController.swift */,
				103E53B128459141001199A9 /* OrehaSettingViewController.swift */,
			);
			path = OrehaTable;
			sourceTree = "<group>";
		};
		210961E92849997D00FDBC60 /* PheonTable */ = {
			isa = PBXGroup;
			children = (
				1021B20B284C3EAC00331EA5 /* PheonViewController.swift */,
			);
			path = PheonTable;
			sourceTree = "<group>";
		};
		218EDF222840B69000187C7F /* MarketDataService */ = {
			isa = PBXGroup;
			children = (
				10B589C0282E9DC400B11011 /* MarketModel.swift */,
				218EDF202840AFE800187C7F /* NetworkResult.swift */,
				1008CB5A283A1DC9000F6E0B /* MarketDataService.swift */,
			);
			path = MarketDataService;
			sourceTree = "<group>";
		};
		337B470AC47370BBBEBC324F /* Pods */ = {
			isa = PBXGroup;
			children = (
				F63C7732B2617C2CBC940A5F /* Pods-LoAssistant.debug.xcconfig */,
				062528949B9FCA96BDEDB6D0 /* Pods-LoAssistant.release.xcconfig */,
				C16B2618F3CE5DFED4CE530A /* Pods-LoAssistant-LoAssistantUITests.debug.xcconfig */,
				DC30D64FEB8B1D3A6B501272 /* Pods-LoAssistant-LoAssistantUITests.release.xcconfig */,
				5370F4672AC34A627B8FB3ED /* Pods-LoAssistantTests.debug.xcconfig */,
				ABFB2928B91BD2AF892BD9D8 /* Pods-LoAssistantTests.release.xcconfig */,
			);
			path = Pods;
			sourceTree = "<group>";
		};
		7BF1B8464DFD013A65F567B3 /* Frameworks */ = {
			isa = PBXGroup;
			children = (
				AA7F514429EF161DE676C3FB /* Pods_LoAssistant.framework */,
				9972C500D97A3431C13E5BF9 /* Pods_LoAssistant_LoAssistantUITests.framework */,
				9CA49C1B43D2A17E9F8D8636 /* Pods_LoAssistantTests.framework */,
			);
			name = Frameworks;
			sourceTree = "<group>";
		};
/* End PBXGroup section */

/* Begin PBXNativeTarget section */
		10F6461927EB2F8500E51BBB /* LoAssistant */ = {
			isa = PBXNativeTarget;
			buildConfigurationList = 10F6464427EB2F8600E51BBB /* Build configuration list for PBXNativeTarget "LoAssistant" */;
			buildPhases = (
				7C62729E6C06AC0D79BEA1D0 /* [CP] Check Pods Manifest.lock */,
				10F6461627EB2F8500E51BBB /* Sources */,
				10F6461727EB2F8500E51BBB /* Frameworks */,
				10F6461827EB2F8500E51BBB /* Resources */,
				6A9EDA8E4A47486C440EA90D /* [CP] Embed Pods Frameworks */,
			);
			buildRules = (
			);
			dependencies = (
			);
			name = LoAssistant;
			productName = LoAssistant;
			productReference = 10F6461A27EB2F8500E51BBB /* LoAssistant.app */;
			productType = "com.apple.product-type.application";
		};
		10F6462F27EB2F8600E51BBB /* LoAssistantTests */ = {
			isa = PBXNativeTarget;
			buildConfigurationList = 10F6464727EB2F8600E51BBB /* Build configuration list for PBXNativeTarget "LoAssistantTests" */;
			buildPhases = (
				60F7ABE9833781AD18BD6731 /* [CP] Check Pods Manifest.lock */,
				10F6462C27EB2F8600E51BBB /* Sources */,
				10F6462D27EB2F8600E51BBB /* Frameworks */,
				10F6462E27EB2F8600E51BBB /* Resources */,
			);
			buildRules = (
			);
			dependencies = (
				10F6463227EB2F8600E51BBB /* PBXTargetDependency */,
			);
			name = LoAssistantTests;
			productName = LoAssistantTests;
			productReference = 10F6463027EB2F8600E51BBB /* LoAssistantTests.xctest */;
			productType = "com.apple.product-type.bundle.unit-test";
		};
		10F6463927EB2F8600E51BBB /* LoAssistantUITests */ = {
			isa = PBXNativeTarget;
			buildConfigurationList = 10F6464A27EB2F8600E51BBB /* Build configuration list for PBXNativeTarget "LoAssistantUITests" */;
			buildPhases = (
				2AD2E64FE00597DC9BB8F3D2 /* [CP] Check Pods Manifest.lock */,
				10F6463627EB2F8600E51BBB /* Sources */,
				10F6463727EB2F8600E51BBB /* Frameworks */,
				10F6463827EB2F8600E51BBB /* Resources */,
				54700F9027B8DD59B866DE90 /* [CP] Embed Pods Frameworks */,
			);
			buildRules = (
			);
			dependencies = (
				10F6463C27EB2F8600E51BBB /* PBXTargetDependency */,
			);
			name = LoAssistantUITests;
			productName = LoAssistantUITests;
			productReference = 10F6463A27EB2F8600E51BBB /* LoAssistantUITests.xctest */;
			productType = "com.apple.product-type.bundle.ui-testing";
		};
/* End PBXNativeTarget section */

/* Begin PBXProject section */
		10F6461227EB2F8500E51BBB /* Project object */ = {
			isa = PBXProject;
			attributes = {
				BuildIndependentTargetsInParallel = 1;
				LastSwiftUpdateCheck = 1330;
				LastUpgradeCheck = 1330;
				TargetAttributes = {
					10F6461927EB2F8500E51BBB = {
						CreatedOnToolsVersion = 13.3;
					};
					10F6462F27EB2F8600E51BBB = {
						CreatedOnToolsVersion = 13.3;
						TestTargetID = 10F6461927EB2F8500E51BBB;
					};
					10F6463927EB2F8600E51BBB = {
						CreatedOnToolsVersion = 13.3;
						TestTargetID = 10F6461927EB2F8500E51BBB;
					};
				};
			};
			buildConfigurationList = 10F6461527EB2F8500E51BBB /* Build configuration list for PBXProject "LoAssistant" */;
			compatibilityVersion = "Xcode 13.0";
			developmentRegion = en;
			hasScannedForEncodings = 0;
			knownRegions = (
				en,
				Base,
			);
			mainGroup = 10F6461127EB2F8500E51BBB;
			productRefGroup = 10F6461B27EB2F8500E51BBB /* Products */;
			projectDirPath = "";
			projectRoot = "";
			targets = (
				10F6461927EB2F8500E51BBB /* LoAssistant */,
				10F6462F27EB2F8600E51BBB /* LoAssistantTests */,
				10F6463927EB2F8600E51BBB /* LoAssistantUITests */,
			);
		};
/* End PBXProject section */

/* Begin PBXResourcesBuildPhase section */
		10F6461827EB2F8500E51BBB /* Resources */ = {
			isa = PBXResourcesBuildPhase;
			buildActionMask = 2147483647;
			files = (
				10F6462A27EB2F8600E51BBB /* LaunchScreen.storyboard in Resources */,
				10F6462727EB2F8600E51BBB /* Assets.xcassets in Resources */,
				10F6462527EB2F8500E51BBB /* Main.storyboard in Resources */,
			);
			runOnlyForDeploymentPostprocessing = 0;
		};
		10F6462E27EB2F8600E51BBB /* Resources */ = {
			isa = PBXResourcesBuildPhase;
			buildActionMask = 2147483647;
			files = (
			);
			runOnlyForDeploymentPostprocessing = 0;
		};
		10F6463827EB2F8600E51BBB /* Resources */ = {
			isa = PBXResourcesBuildPhase;
			buildActionMask = 2147483647;
			files = (
			);
			runOnlyForDeploymentPostprocessing = 0;
		};
/* End PBXResourcesBuildPhase section */

/* Begin PBXShellScriptBuildPhase section */
		2AD2E64FE00597DC9BB8F3D2 /* [CP] Check Pods Manifest.lock */ = {
			isa = PBXShellScriptBuildPhase;
			buildActionMask = 2147483647;
			files = (
			);
			inputFileListPaths = (
			);
			inputPaths = (
				"${PODS_PODFILE_DIR_PATH}/Podfile.lock",
				"${PODS_ROOT}/Manifest.lock",
			);
			name = "[CP] Check Pods Manifest.lock";
			outputFileListPaths = (
			);
			outputPaths = (
				"$(DERIVED_FILE_DIR)/Pods-LoAssistant-LoAssistantUITests-checkManifestLockResult.txt",
			);
			runOnlyForDeploymentPostprocessing = 0;
			shellPath = /bin/sh;
			shellScript = "diff \"${PODS_PODFILE_DIR_PATH}/Podfile.lock\" \"${PODS_ROOT}/Manifest.lock\" > /dev/null\nif [ $? != 0 ] ; then\n    # print error to STDERR\n    echo \"error: The sandbox is not in sync with the Podfile.lock. Run 'pod install' or update your CocoaPods installation.\" >&2\n    exit 1\nfi\n# This output is used by Xcode 'outputs' to avoid re-running this script phase.\necho \"SUCCESS\" > \"${SCRIPT_OUTPUT_FILE_0}\"\n";
			showEnvVarsInLog = 0;
		};
		54700F9027B8DD59B866DE90 /* [CP] Embed Pods Frameworks */ = {
			isa = PBXShellScriptBuildPhase;
			buildActionMask = 2147483647;
			files = (
			);
			inputFileListPaths = (
				"${PODS_ROOT}/Target Support Files/Pods-LoAssistant-LoAssistantUITests/Pods-LoAssistant-LoAssistantUITests-frameworks-${CONFIGURATION}-input-files.xcfilelist",
			);
			name = "[CP] Embed Pods Frameworks";
			outputFileListPaths = (
				"${PODS_ROOT}/Target Support Files/Pods-LoAssistant-LoAssistantUITests/Pods-LoAssistant-LoAssistantUITests-frameworks-${CONFIGURATION}-output-files.xcfilelist",
			);
			runOnlyForDeploymentPostprocessing = 0;
			shellPath = /bin/sh;
			shellScript = "\"${PODS_ROOT}/Target Support Files/Pods-LoAssistant-LoAssistantUITests/Pods-LoAssistant-LoAssistantUITests-frameworks.sh\"\n";
			showEnvVarsInLog = 0;
		};
		60F7ABE9833781AD18BD6731 /* [CP] Check Pods Manifest.lock */ = {
			isa = PBXShellScriptBuildPhase;
			buildActionMask = 2147483647;
			files = (
			);
			inputFileListPaths = (
			);
			inputPaths = (
				"${PODS_PODFILE_DIR_PATH}/Podfile.lock",
				"${PODS_ROOT}/Manifest.lock",
			);
			name = "[CP] Check Pods Manifest.lock";
			outputFileListPaths = (
			);
			outputPaths = (
				"$(DERIVED_FILE_DIR)/Pods-LoAssistantTests-checkManifestLockResult.txt",
			);
			runOnlyForDeploymentPostprocessing = 0;
			shellPath = /bin/sh;
			shellScript = "diff \"${PODS_PODFILE_DIR_PATH}/Podfile.lock\" \"${PODS_ROOT}/Manifest.lock\" > /dev/null\nif [ $? != 0 ] ; then\n    # print error to STDERR\n    echo \"error: The sandbox is not in sync with the Podfile.lock. Run 'pod install' or update your CocoaPods installation.\" >&2\n    exit 1\nfi\n# This output is used by Xcode 'outputs' to avoid re-running this script phase.\necho \"SUCCESS\" > \"${SCRIPT_OUTPUT_FILE_0}\"\n";
			showEnvVarsInLog = 0;
		};
		6A9EDA8E4A47486C440EA90D /* [CP] Embed Pods Frameworks */ = {
			isa = PBXShellScriptBuildPhase;
			buildActionMask = 2147483647;
			files = (
			);
			inputFileListPaths = (
				"${PODS_ROOT}/Target Support Files/Pods-LoAssistant/Pods-LoAssistant-frameworks-${CONFIGURATION}-input-files.xcfilelist",
			);
			name = "[CP] Embed Pods Frameworks";
			outputFileListPaths = (
				"${PODS_ROOT}/Target Support Files/Pods-LoAssistant/Pods-LoAssistant-frameworks-${CONFIGURATION}-output-files.xcfilelist",
			);
			runOnlyForDeploymentPostprocessing = 0;
			shellPath = /bin/sh;
			shellScript = "\"${PODS_ROOT}/Target Support Files/Pods-LoAssistant/Pods-LoAssistant-frameworks.sh\"\n";
			showEnvVarsInLog = 0;
		};
		7C62729E6C06AC0D79BEA1D0 /* [CP] Check Pods Manifest.lock */ = {
			isa = PBXShellScriptBuildPhase;
			buildActionMask = 2147483647;
			files = (
			);
			inputFileListPaths = (
			);
			inputPaths = (
				"${PODS_PODFILE_DIR_PATH}/Podfile.lock",
				"${PODS_ROOT}/Manifest.lock",
			);
			name = "[CP] Check Pods Manifest.lock";
			outputFileListPaths = (
			);
			outputPaths = (
				"$(DERIVED_FILE_DIR)/Pods-LoAssistant-checkManifestLockResult.txt",
			);
			runOnlyForDeploymentPostprocessing = 0;
			shellPath = /bin/sh;
			shellScript = "diff \"${PODS_PODFILE_DIR_PATH}/Podfile.lock\" \"${PODS_ROOT}/Manifest.lock\" > /dev/null\nif [ $? != 0 ] ; then\n    # print error to STDERR\n    echo \"error: The sandbox is not in sync with the Podfile.lock. Run 'pod install' or update your CocoaPods installation.\" >&2\n    exit 1\nfi\n# This output is used by Xcode 'outputs' to avoid re-running this script phase.\necho \"SUCCESS\" > \"${SCRIPT_OUTPUT_FILE_0}\"\n";
			showEnvVarsInLog = 0;
		};
/* End PBXShellScriptBuildPhase section */

/* Begin PBXSourcesBuildPhase section */
		10F6461627EB2F8500E51BBB /* Sources */ = {
			isa = PBXSourcesBuildPhase;
			buildActionMask = 2147483647;
			files = (
				10AFD09827EDF058004CFAFB /* MainTableViewController.swift in Sources */,
				103E53B228459141001199A9 /* OrehaSettingViewController.swift in Sources */,
				103E53BB2848DD47001199A9 /* OrehaTableViewCell.swift in Sources */,
				103E53BD2848E205001199A9 /* OrehaTableViewController.swift in Sources */,
				21096263284A01DB00FDBC60 /* ResultTableViewCell.swift in Sources */,
				1021B20C284C3EAC00331EA5 /* PheonViewController.swift in Sources */,
				10F6461E27EB2F8500E51BBB /* AppDelegate.swift in Sources */,
				210961E728485A6800FDBC60 /* PriceTableViewCell.swift in Sources */,
				10F6462027EB2F8500E51BBB /* SceneDelegate.swift in Sources */,
				1E52D85C2893CBB3002ED70E /* MainViewDataService.swift in Sources */,
				10B589C1282E9DC400B11011 /* MarketModel.swift in Sources */,
				210961E428485A0700FDBC60 /* PriceTableViewController.swift in Sources */,
				1008CB5B283A1DC9000F6E0B /* MarketDataService.swift in Sources */,
				218EDF212840AFE800187C7F /* NetworkResult.swift in Sources */,
			);
			runOnlyForDeploymentPostprocessing = 0;
		};
		10F6462C27EB2F8600E51BBB /* Sources */ = {
			isa = PBXSourcesBuildPhase;
			buildActionMask = 2147483647;
			files = (
				10F6463527EB2F8600E51BBB /* LoAssistantTests.swift in Sources */,
			);
			runOnlyForDeploymentPostprocessing = 0;
		};
		10F6463627EB2F8600E51BBB /* Sources */ = {
			isa = PBXSourcesBuildPhase;
			buildActionMask = 2147483647;
			files = (
				10F6464127EB2F8600E51BBB /* LoAssistantUITestsLaunchTests.swift in Sources */,
				10F6463F27EB2F8600E51BBB /* LoAssistantUITests.swift in Sources */,
			);
			runOnlyForDeploymentPostprocessing = 0;
		};
/* End PBXSourcesBuildPhase section */

/* Begin PBXTargetDependency section */
		10F6463227EB2F8600E51BBB /* PBXTargetDependency */ = {
			isa = PBXTargetDependency;
			target = 10F6461927EB2F8500E51BBB /* LoAssistant */;
			targetProxy = 10F6463127EB2F8600E51BBB /* PBXContainerItemProxy */;
		};
		10F6463C27EB2F8600E51BBB /* PBXTargetDependency */ = {
			isa = PBXTargetDependency;
			target = 10F6461927EB2F8500E51BBB /* LoAssistant */;
			targetProxy = 10F6463B27EB2F8600E51BBB /* PBXContainerItemProxy */;
		};
/* End PBXTargetDependency section */

/* Begin PBXVariantGroup section */
		10F6462327EB2F8500E51BBB /* Main.storyboard */ = {
			isa = PBXVariantGroup;
			children = (
				10F6462427EB2F8500E51BBB /* Base */,
			);
			name = Main.storyboard;
			sourceTree = "<group>";
		};
		10F6462827EB2F8600E51BBB /* LaunchScreen.storyboard */ = {
			isa = PBXVariantGroup;
			children = (
				10F6462927EB2F8600E51BBB /* Base */,
			);
			name = LaunchScreen.storyboard;
			sourceTree = "<group>";
		};
/* End PBXVariantGroup section */

/* Begin XCBuildConfiguration section */
		10F6464227EB2F8600E51BBB /* Debug */ = {
			isa = XCBuildConfiguration;
			buildSettings = {
				ALWAYS_SEARCH_USER_PATHS = NO;
				CLANG_ANALYZER_NONNULL = YES;
				CLANG_ANALYZER_NUMBER_OBJECT_CONVERSION = YES_AGGRESSIVE;
				CLANG_CXX_LANGUAGE_STANDARD = "gnu++17";
				CLANG_ENABLE_MODULES = YES;
				CLANG_ENABLE_OBJC_ARC = YES;
				CLANG_ENABLE_OBJC_WEAK = YES;
				CLANG_WARN_BLOCK_CAPTURE_AUTORELEASING = YES;
				CLANG_WARN_BOOL_CONVERSION = YES;
				CLANG_WARN_COMMA = YES;
				CLANG_WARN_CONSTANT_CONVERSION = YES;
				CLANG_WARN_DEPRECATED_OBJC_IMPLEMENTATIONS = YES;
				CLANG_WARN_DIRECT_OBJC_ISA_USAGE = YES_ERROR;
				CLANG_WARN_DOCUMENTATION_COMMENTS = YES;
				CLANG_WARN_EMPTY_BODY = YES;
				CLANG_WARN_ENUM_CONVERSION = YES;
				CLANG_WARN_INFINITE_RECURSION = YES;
				CLANG_WARN_INT_CONVERSION = YES;
				CLANG_WARN_NON_LITERAL_NULL_CONVERSION = YES;
				CLANG_WARN_OBJC_IMPLICIT_RETAIN_SELF = YES;
				CLANG_WARN_OBJC_LITERAL_CONVERSION = YES;
				CLANG_WARN_OBJC_ROOT_CLASS = YES_ERROR;
				CLANG_WARN_QUOTED_INCLUDE_IN_FRAMEWORK_HEADER = YES;
				CLANG_WARN_RANGE_LOOP_ANALYSIS = YES;
				CLANG_WARN_STRICT_PROTOTYPES = YES;
				CLANG_WARN_SUSPICIOUS_MOVE = YES;
				CLANG_WARN_UNGUARDED_AVAILABILITY = YES_AGGRESSIVE;
				CLANG_WARN_UNREACHABLE_CODE = YES;
				CLANG_WARN__DUPLICATE_METHOD_MATCH = YES;
				COPY_PHASE_STRIP = NO;
				DEBUG_INFORMATION_FORMAT = dwarf;
				ENABLE_STRICT_OBJC_MSGSEND = YES;
				ENABLE_TESTABILITY = YES;
				GCC_C_LANGUAGE_STANDARD = gnu11;
				GCC_DYNAMIC_NO_PIC = NO;
				GCC_NO_COMMON_BLOCKS = YES;
				GCC_OPTIMIZATION_LEVEL = 0;
				GCC_PREPROCESSOR_DEFINITIONS = (
					"DEBUG=1",
					"$(inherited)",
				);
				GCC_WARN_64_TO_32_BIT_CONVERSION = YES;
				GCC_WARN_ABOUT_RETURN_TYPE = YES_ERROR;
				GCC_WARN_UNDECLARED_SELECTOR = YES;
				GCC_WARN_UNINITIALIZED_AUTOS = YES_AGGRESSIVE;
				GCC_WARN_UNUSED_FUNCTION = YES;
				GCC_WARN_UNUSED_VARIABLE = YES;
				IPHONEOS_DEPLOYMENT_TARGET = 13.0;
				MTL_ENABLE_DEBUG_INFO = INCLUDE_SOURCE;
				MTL_FAST_MATH = YES;
				ONLY_ACTIVE_ARCH = YES;
				SDKROOT = iphoneos;
				SWIFT_ACTIVE_COMPILATION_CONDITIONS = DEBUG;
				SWIFT_OPTIMIZATION_LEVEL = "-Onone";
			};
			name = Debug;
		};
		10F6464327EB2F8600E51BBB /* Release */ = {
			isa = XCBuildConfiguration;
			buildSettings = {
				ALWAYS_SEARCH_USER_PATHS = NO;
				CLANG_ANALYZER_NONNULL = YES;
				CLANG_ANALYZER_NUMBER_OBJECT_CONVERSION = YES_AGGRESSIVE;
				CLANG_CXX_LANGUAGE_STANDARD = "gnu++17";
				CLANG_ENABLE_MODULES = YES;
				CLANG_ENABLE_OBJC_ARC = YES;
				CLANG_ENABLE_OBJC_WEAK = YES;
				CLANG_WARN_BLOCK_CAPTURE_AUTORELEASING = YES;
				CLANG_WARN_BOOL_CONVERSION = YES;
				CLANG_WARN_COMMA = YES;
				CLANG_WARN_CONSTANT_CONVERSION = YES;
				CLANG_WARN_DEPRECATED_OBJC_IMPLEMENTATIONS = YES;
				CLANG_WARN_DIRECT_OBJC_ISA_USAGE = YES_ERROR;
				CLANG_WARN_DOCUMENTATION_COMMENTS = YES;
				CLANG_WARN_EMPTY_BODY = YES;
				CLANG_WARN_ENUM_CONVERSION = YES;
				CLANG_WARN_INFINITE_RECURSION = YES;
				CLANG_WARN_INT_CONVERSION = YES;
				CLANG_WARN_NON_LITERAL_NULL_CONVERSION = YES;
				CLANG_WARN_OBJC_IMPLICIT_RETAIN_SELF = YES;
				CLANG_WARN_OBJC_LITERAL_CONVERSION = YES;
				CLANG_WARN_OBJC_ROOT_CLASS = YES_ERROR;
				CLANG_WARN_QUOTED_INCLUDE_IN_FRAMEWORK_HEADER = YES;
				CLANG_WARN_RANGE_LOOP_ANALYSIS = YES;
				CLANG_WARN_STRICT_PROTOTYPES = YES;
				CLANG_WARN_SUSPICIOUS_MOVE = YES;
				CLANG_WARN_UNGUARDED_AVAILABILITY = YES_AGGRESSIVE;
				CLANG_WARN_UNREACHABLE_CODE = YES;
				CLANG_WARN__DUPLICATE_METHOD_MATCH = YES;
				COPY_PHASE_STRIP = NO;
				DEBUG_INFORMATION_FORMAT = "dwarf-with-dsym";
				ENABLE_NS_ASSERTIONS = NO;
				ENABLE_STRICT_OBJC_MSGSEND = YES;
				GCC_C_LANGUAGE_STANDARD = gnu11;
				GCC_NO_COMMON_BLOCKS = YES;
				GCC_WARN_64_TO_32_BIT_CONVERSION = YES;
				GCC_WARN_ABOUT_RETURN_TYPE = YES_ERROR;
				GCC_WARN_UNDECLARED_SELECTOR = YES;
				GCC_WARN_UNINITIALIZED_AUTOS = YES_AGGRESSIVE;
				GCC_WARN_UNUSED_FUNCTION = YES;
				GCC_WARN_UNUSED_VARIABLE = YES;
				IPHONEOS_DEPLOYMENT_TARGET = 13.0;
				MTL_ENABLE_DEBUG_INFO = NO;
				MTL_FAST_MATH = YES;
				SDKROOT = iphoneos;
				SWIFT_COMPILATION_MODE = wholemodule;
				SWIFT_OPTIMIZATION_LEVEL = "-O";
				VALIDATE_PRODUCT = YES;
			};
			name = Release;
		};
		10F6464527EB2F8600E51BBB /* Debug */ = {
			isa = XCBuildConfiguration;
			baseConfigurationReference = F63C7732B2617C2CBC940A5F /* Pods-LoAssistant.debug.xcconfig */;
			buildSettings = {
				ASSETCATALOG_COMPILER_APPICON_NAME = AppIcon;
				ASSETCATALOG_COMPILER_GLOBAL_ACCENT_COLOR_NAME = AccentColor;
				CODE_SIGN_STYLE = Automatic;
				CURRENT_PROJECT_VERSION = 1;
				DEVELOPMENT_TEAM = NA26GLX2M2;
				GENERATE_INFOPLIST_FILE = YES;
				INFOPLIST_FILE = LoAssistant/Info.plist;
				INFOPLIST_KEY_UIApplicationSupportsIndirectInputEvents = YES;
				INFOPLIST_KEY_UILaunchStoryboardName = LaunchScreen;
				INFOPLIST_KEY_UIMainStoryboardFile = Main;
				INFOPLIST_KEY_UISupportedInterfaceOrientations_iPad = "UIInterfaceOrientationPortrait UIInterfaceOrientationPortraitUpsideDown UIInterfaceOrientationLandscapeLeft UIInterfaceOrientationLandscapeRight";
				INFOPLIST_KEY_UISupportedInterfaceOrientations_iPhone = "UIInterfaceOrientationPortrait UIInterfaceOrientationLandscapeLeft UIInterfaceOrientationLandscapeRight";
				IPHONEOS_DEPLOYMENT_TARGET = 13.0;
				LD_RUNPATH_SEARCH_PATHS = (
					"$(inherited)",
					"@executable_path/Frameworks",
				);
				MARKETING_VERSION = 0.5;
				PRODUCT_BUNDLE_IDENTIFIER = "com.Seungheon-Kim.LoAssistant";
				PRODUCT_NAME = "$(TARGET_NAME)";
				SWIFT_EMIT_LOC_STRINGS = YES;
				SWIFT_VERSION = 5.0;
				TARGETED_DEVICE_FAMILY = "1,2";
			};
			name = Debug;
		};
		10F6464627EB2F8600E51BBB /* Release */ = {
			isa = XCBuildConfiguration;
			baseConfigurationReference = 062528949B9FCA96BDEDB6D0 /* Pods-LoAssistant.release.xcconfig */;
			buildSettings = {
				ASSETCATALOG_COMPILER_APPICON_NAME = AppIcon;
				ASSETCATALOG_COMPILER_GLOBAL_ACCENT_COLOR_NAME = AccentColor;
				CODE_SIGN_STYLE = Automatic;
				CURRENT_PROJECT_VERSION = 1;
				DEVELOPMENT_TEAM = NA26GLX2M2;
				GENERATE_INFOPLIST_FILE = YES;
				INFOPLIST_FILE = LoAssistant/Info.plist;
				INFOPLIST_KEY_UIApplicationSupportsIndirectInputEvents = YES;
				INFOPLIST_KEY_UILaunchStoryboardName = LaunchScreen;
				INFOPLIST_KEY_UIMainStoryboardFile = Main;
				INFOPLIST_KEY_UISupportedInterfaceOrientations_iPad = "UIInterfaceOrientationPortrait UIInterfaceOrientationPortraitUpsideDown UIInterfaceOrientationLandscapeLeft UIInterfaceOrientationLandscapeRight";
				INFOPLIST_KEY_UISupportedInterfaceOrientations_iPhone = "UIInterfaceOrientationPortrait UIInterfaceOrientationLandscapeLeft UIInterfaceOrientationLandscapeRight";
				IPHONEOS_DEPLOYMENT_TARGET = 13.0;
				LD_RUNPATH_SEARCH_PATHS = (
					"$(inherited)",
					"@executable_path/Frameworks",
				);
				MARKETING_VERSION = 0.5;
				PRODUCT_BUNDLE_IDENTIFIER = "com.Seungheon-Kim.LoAssistant";
				PRODUCT_NAME = "$(TARGET_NAME)";
				SWIFT_EMIT_LOC_STRINGS = YES;
				SWIFT_VERSION = 5.0;
				TARGETED_DEVICE_FAMILY = "1,2";
			};
			name = Release;
		};
		10F6464827EB2F8600E51BBB /* Debug */ = {
			isa = XCBuildConfiguration;
			baseConfigurationReference = 5370F4672AC34A627B8FB3ED /* Pods-LoAssistantTests.debug.xcconfig */;
			buildSettings = {
				ALWAYS_EMBED_SWIFT_STANDARD_LIBRARIES = YES;
				BUNDLE_LOADER = "$(TEST_HOST)";
				CODE_SIGN_STYLE = Automatic;
				CURRENT_PROJECT_VERSION = 1;
				DEVELOPMENT_TEAM = NA26GLX2M2;
				GENERATE_INFOPLIST_FILE = YES;
				IPHONEOS_DEPLOYMENT_TARGET = 15.4;
				MARKETING_VERSION = 1.0;
				PRODUCT_BUNDLE_IDENTIFIER = com.seungheon.LoAssistantTests;
				PRODUCT_NAME = "$(TARGET_NAME)";
				SWIFT_EMIT_LOC_STRINGS = NO;
				SWIFT_VERSION = 5.0;
				TARGETED_DEVICE_FAMILY = "1,2";
				TEST_HOST = "$(BUILT_PRODUCTS_DIR)/LoAssistant.app/LoAssistant";
			};
			name = Debug;
		};
		10F6464927EB2F8600E51BBB /* Release */ = {
			isa = XCBuildConfiguration;
			baseConfigurationReference = ABFB2928B91BD2AF892BD9D8 /* Pods-LoAssistantTests.release.xcconfig */;
			buildSettings = {
				ALWAYS_EMBED_SWIFT_STANDARD_LIBRARIES = YES;
				BUNDLE_LOADER = "$(TEST_HOST)";
				CODE_SIGN_STYLE = Automatic;
				CURRENT_PROJECT_VERSION = 1;
				DEVELOPMENT_TEAM = NA26GLX2M2;
				GENERATE_INFOPLIST_FILE = YES;
				IPHONEOS_DEPLOYMENT_TARGET = 15.4;
				MARKETING_VERSION = 1.0;
				PRODUCT_BUNDLE_IDENTIFIER = com.seungheon.LoAssistantTests;
				PRODUCT_NAME = "$(TARGET_NAME)";
				SWIFT_EMIT_LOC_STRINGS = NO;
				SWIFT_VERSION = 5.0;
				TARGETED_DEVICE_FAMILY = "1,2";
				TEST_HOST = "$(BUILT_PRODUCTS_DIR)/LoAssistant.app/LoAssistant";
			};
			name = Release;
		};
		10F6464B27EB2F8600E51BBB /* Debug */ = {
			isa = XCBuildConfiguration;
			baseConfigurationReference = C16B2618F3CE5DFED4CE530A /* Pods-LoAssistant-LoAssistantUITests.debug.xcconfig */;
			buildSettings = {
				ALWAYS_EMBED_SWIFT_STANDARD_LIBRARIES = YES;
				CODE_SIGN_STYLE = Automatic;
				CURRENT_PROJECT_VERSION = 1;
				DEVELOPMENT_TEAM = NA26GLX2M2;
				GENERATE_INFOPLIST_FILE = YES;
				MARKETING_VERSION = 1.0;
				PRODUCT_BUNDLE_IDENTIFIER = com.seungheon.LoAssistantUITests;
				PRODUCT_NAME = "$(TARGET_NAME)";
				SWIFT_EMIT_LOC_STRINGS = NO;
				SWIFT_VERSION = 5.0;
				TARGETED_DEVICE_FAMILY = "1,2";
				TEST_TARGET_NAME = LoAssistant;
			};
			name = Debug;
		};
		10F6464C27EB2F8600E51BBB /* Release */ = {
			isa = XCBuildConfiguration;
			baseConfigurationReference = DC30D64FEB8B1D3A6B501272 /* Pods-LoAssistant-LoAssistantUITests.release.xcconfig */;
			buildSettings = {
				ALWAYS_EMBED_SWIFT_STANDARD_LIBRARIES = YES;
				CODE_SIGN_STYLE = Automatic;
				CURRENT_PROJECT_VERSION = 1;
				DEVELOPMENT_TEAM = NA26GLX2M2;
				GENERATE_INFOPLIST_FILE = YES;
				MARKETING_VERSION = 1.0;
				PRODUCT_BUNDLE_IDENTIFIER = com.seungheon.LoAssistantUITests;
				PRODUCT_NAME = "$(TARGET_NAME)";
				SWIFT_EMIT_LOC_STRINGS = NO;
				SWIFT_VERSION = 5.0;
				TARGETED_DEVICE_FAMILY = "1,2";
				TEST_TARGET_NAME = LoAssistant;
			};
			name = Release;
		};
/* End XCBuildConfiguration section */

/* Begin XCConfigurationList section */
		10F6461527EB2F8500E51BBB /* Build configuration list for PBXProject "LoAssistant" */ = {
			isa = XCConfigurationList;
			buildConfigurations = (
				10F6464227EB2F8600E51BBB /* Debug */,
				10F6464327EB2F8600E51BBB /* Release */,
			);
			defaultConfigurationIsVisible = 0;
			defaultConfigurationName = Release;
		};
		10F6464427EB2F8600E51BBB /* Build configuration list for PBXNativeTarget "LoAssistant" */ = {
			isa = XCConfigurationList;
			buildConfigurations = (
				10F6464527EB2F8600E51BBB /* Debug */,
				10F6464627EB2F8600E51BBB /* Release */,
			);
			defaultConfigurationIsVisible = 0;
			defaultConfigurationName = Release;
		};
		10F6464727EB2F8600E51BBB /* Build configuration list for PBXNativeTarget "LoAssistantTests" */ = {
			isa = XCConfigurationList;
			buildConfigurations = (
				10F6464827EB2F8600E51BBB /* Debug */,
				10F6464927EB2F8600E51BBB /* Release */,
			);
			defaultConfigurationIsVisible = 0;
			defaultConfigurationName = Release;
		};
		10F6464A27EB2F8600E51BBB /* Build configuration list for PBXNativeTarget "LoAssistantUITests" */ = {
			isa = XCConfigurationList;
			buildConfigurations = (
				10F6464B27EB2F8600E51BBB /* Debug */,
				10F6464C27EB2F8600E51BBB /* Release */,
			);
			defaultConfigurationIsVisible = 0;
			defaultConfigurationName = Release;
		};
/* End XCConfigurationList section */
	};
	rootObject = 10F6461227EB2F8500E51BBB /* Project object */;
}
